// !$*UTF8*$!
{
	archiveVersion = 1;
	classes = {
	};
	objectVersion = 50;
	objects = {

/* Begin PBXBuildFile section */
		0F31CB232B8D3E73319B0823 /* Pods_UITableView.framework in Frameworks */ = {isa = PBXBuildFile; fileRef = D5B3C80D9EC6EB578D71D296 /* Pods_UITableView.framework */; };
		305FB6FF2693F65F84D6735F /* Pods_UITableViewTests.framework in Frameworks */ = {isa = PBXBuildFile; fileRef = 9F17CD301A73468DC05B88E9 /* Pods_UITableViewTests.framework */; };
		58518CF30C06BABD9E8D3DD5 /* Pods_UITableViewUITests.framework in Frameworks */ = {isa = PBXBuildFile; fileRef = 525DB10FC18CFFDCA8DB0209 /* Pods_UITableViewUITests.framework */; };
		F820296321D8B0E800259D7F /* AppDelegate.swift in Sources */ = {isa = PBXBuildFile; fileRef = F820296221D8B0E800259D7F /* AppDelegate.swift */; };
		F820296521D8B0E800259D7F /* ViewController.swift in Sources */ = {isa = PBXBuildFile; fileRef = F820296421D8B0E800259D7F /* ViewController.swift */; };
		F820296821D8B0E800259D7F /* Main.storyboard in Resources */ = {isa = PBXBuildFile; fileRef = F820296621D8B0E800259D7F /* Main.storyboard */; };
		F820296A21D8B0E900259D7F /* Assets.xcassets in Resources */ = {isa = PBXBuildFile; fileRef = F820296921D8B0E900259D7F /* Assets.xcassets */; };
		F820296D21D8B0E900259D7F /* LaunchScreen.storyboard in Resources */ = {isa = PBXBuildFile; fileRef = F820296B21D8B0E900259D7F /* LaunchScreen.storyboard */; };
		F820297821D8B0E900259D7F /* UITableViewTests.swift in Sources */ = {isa = PBXBuildFile; fileRef = F820297721D8B0E900259D7F /* UITableViewTests.swift */; };
		F820298321D8B0EA00259D7F /* UITableViewUITests.swift in Sources */ = {isa = PBXBuildFile; fileRef = F820298221D8B0EA00259D7F /* UITableViewUITests.swift */; };
/* End PBXBuildFile section */

/* Begin PBXContainerItemProxy section */
		F820297421D8B0E900259D7F /* PBXContainerItemProxy */ = {
			isa = PBXContainerItemProxy;
			containerPortal = F820295721D8B0E800259D7F /* Project object */;
			proxyType = 1;
			remoteGlobalIDString = F820295E21D8B0E800259D7F;
			remoteInfo = UITableView;
		};
		F820297F21D8B0E900259D7F /* PBXContainerItemProxy */ = {
			isa = PBXContainerItemProxy;
			containerPortal = F820295721D8B0E800259D7F /* Project object */;
			proxyType = 1;
			remoteGlobalIDString = F820295E21D8B0E800259D7F;
			remoteInfo = UITableView;
		};
/* End PBXContainerItemProxy section */

/* Begin PBXFileReference section */
		3E28E8654EF449EE0BE0F765 /* Pods-UITableViewTests.debug.xcconfig */ = {isa = PBXFileReference; includeInIndex = 1; lastKnownFileType = text.xcconfig; name = "Pods-UITableViewTests.debug.xcconfig"; path = "Pods/Target Support Files/Pods-UITableViewTests/Pods-UITableViewTests.debug.xcconfig"; sourceTree = "<group>"; };
		478F06739731FD4ADE6B1BDA /* Pods-UITableViewUITests.debug.xcconfig */ = {isa = PBXFileReference; includeInIndex = 1; lastKnownFileType = text.xcconfig; name = "Pods-UITableViewUITests.debug.xcconfig"; path = "Pods/Target Support Files/Pods-UITableViewUITests/Pods-UITableViewUITests.debug.xcconfig"; sourceTree = "<group>"; };
		525DB10FC18CFFDCA8DB0209 /* Pods_UITableViewUITests.framework */ = {isa = PBXFileReference; explicitFileType = wrapper.framework; includeInIndex = 0; path = Pods_UITableViewUITests.framework; sourceTree = BUILT_PRODUCTS_DIR; };
		6A60368A1B830CCD5C1F3C61 /* Pods-UITableView.release.xcconfig */ = {isa = PBXFileReference; includeInIndex = 1; lastKnownFileType = text.xcconfig; name = "Pods-UITableView.release.xcconfig"; path = "Pods/Target Support Files/Pods-UITableView/Pods-UITableView.release.xcconfig"; sourceTree = "<group>"; };
		7F43962343B4648C844AA183 /* Pods-UITableViewTests.release.xcconfig */ = {isa = PBXFileReference; includeInIndex = 1; lastKnownFileType = text.xcconfig; name = "Pods-UITableViewTests.release.xcconfig"; path = "Pods/Target Support Files/Pods-UITableViewTests/Pods-UITableViewTests.release.xcconfig"; sourceTree = "<group>"; };
		9F17CD301A73468DC05B88E9 /* Pods_UITableViewTests.framework */ = {isa = PBXFileReference; explicitFileType = wrapper.framework; includeInIndex = 0; path = Pods_UITableViewTests.framework; sourceTree = BUILT_PRODUCTS_DIR; };
		A8152C911486D65C64FFDF99 /* Pods-UITableView.debug.xcconfig */ = {isa = PBXFileReference; includeInIndex = 1; lastKnownFileType = text.xcconfig; name = "Pods-UITableView.debug.xcconfig"; path = "Pods/Target Support Files/Pods-UITableView/Pods-UITableView.debug.xcconfig"; sourceTree = "<group>"; };
		B403E160C49136213E523642 /* Pods-UITableViewUITests.release.xcconfig */ = {isa = PBXFileReference; includeInIndex = 1; lastKnownFileType = text.xcconfig; name = "Pods-UITableViewUITests.release.xcconfig"; path = "Pods/Target Support Files/Pods-UITableViewUITests/Pods-UITableViewUITests.release.xcconfig"; sourceTree = "<group>"; };
		D5B3C80D9EC6EB578D71D296 /* Pods_UITableView.framework */ = {isa = PBXFileReference; explicitFileType = wrapper.framework; includeInIndex = 0; path = Pods_UITableView.framework; sourceTree = BUILT_PRODUCTS_DIR; };
		F820295F21D8B0E800259D7F /* UITableView.app */ = {isa = PBXFileReference; explicitFileType = wrapper.application; includeInIndex = 0; path = UITableView.app; sourceTree = BUILT_PRODUCTS_DIR; };
		F820296221D8B0E800259D7F /* AppDelegate.swift */ = {isa = PBXFileReference; lastKnownFileType = sourcecode.swift; path = AppDelegate.swift; sourceTree = "<group>"; };
		F820296421D8B0E800259D7F /* ViewController.swift */ = {isa = PBXFileReference; lastKnownFileType = sourcecode.swift; path = ViewController.swift; sourceTree = "<group>"; };
		F820296721D8B0E800259D7F /* Base */ = {isa = PBXFileReference; lastKnownFileType = file.storyboard; name = Base; path = Base.lproj/Main.storyboard; sourceTree = "<group>"; };
		F820296921D8B0E900259D7F /* Assets.xcassets */ = {isa = PBXFileReference; lastKnownFileType = folder.assetcatalog; path = Assets.xcassets; sourceTree = "<group>"; };
		F820296C21D8B0E900259D7F /* Base */ = {isa = PBXFileReference; lastKnownFileType = file.storyboard; name = Base; path = Base.lproj/LaunchScreen.storyboard; sourceTree = "<group>"; };
		F820296E21D8B0E900259D7F /* Info.plist */ = {isa = PBXFileReference; lastKnownFileType = text.plist.xml; path = Info.plist; sourceTree = "<group>"; };
		F820297321D8B0E900259D7F /* UITableViewTests.xctest */ = {isa = PBXFileReference; explicitFileType = wrapper.cfbundle; includeInIndex = 0; path = UITableViewTests.xctest; sourceTree = BUILT_PRODUCTS_DIR; };
		F820297721D8B0E900259D7F /* UITableViewTests.swift */ = {isa = PBXFileReference; lastKnownFileType = sourcecode.swift; path = UITableViewTests.swift; sourceTree = "<group>"; };
		F820297921D8B0E900259D7F /* Info.plist */ = {isa = PBXFileReference; lastKnownFileType = text.plist.xml; path = Info.plist; sourceTree = "<group>"; };
		F820297E21D8B0E900259D7F /* UITableViewUITests.xctest */ = {isa = PBXFileReference; explicitFileType = wrapper.cfbundle; includeInIndex = 0; path = UITableViewUITests.xctest; sourceTree = BUILT_PRODUCTS_DIR; };
		F820298221D8B0EA00259D7F /* UITableViewUITests.swift */ = {isa = PBXFileReference; lastKnownFileType = sourcecode.swift; path = UITableViewUITests.swift; sourceTree = "<group>"; };
		F820298421D8B0EA00259D7F /* Info.plist */ = {isa = PBXFileReference; lastKnownFileType = text.plist.xml; path = Info.plist; sourceTree = "<group>"; };
/* End PBXFileReference section */

/* Begin PBXFrameworksBuildPhase section */
		F820295C21D8B0E800259D7F /* Frameworks */ = {
			isa = PBXFrameworksBuildPhase;
			buildActionMask = 2147483647;
			files = (
				0F31CB232B8D3E73319B0823 /* Pods_UITableView.framework in Frameworks */,
			);
			runOnlyForDeploymentPostprocessing = 0;
		};
		F820297021D8B0E900259D7F /* Frameworks */ = {
			isa = PBXFrameworksBuildPhase;
			buildActionMask = 2147483647;
			files = (
				305FB6FF2693F65F84D6735F /* Pods_UITableViewTests.framework in Frameworks */,
			);
			runOnlyForDeploymentPostprocessing = 0;
		};
		F820297B21D8B0E900259D7F /* Frameworks */ = {
			isa = PBXFrameworksBuildPhase;
			buildActionMask = 2147483647;
			files = (
				58518CF30C06BABD9E8D3DD5 /* Pods_UITableViewUITests.framework in Frameworks */,
			);
			runOnlyForDeploymentPostprocessing = 0;
		};
/* End PBXFrameworksBuildPhase section */

/* Begin PBXGroup section */
		00AAAC1B6011C778F4E39F3B /* Frameworks */ = {
			isa = PBXGroup;
			children = (
				D5B3C80D9EC6EB578D71D296 /* Pods_UITableView.framework */,
				9F17CD301A73468DC05B88E9 /* Pods_UITableViewTests.framework */,
				525DB10FC18CFFDCA8DB0209 /* Pods_UITableViewUITests.framework */,
			);
			name = Frameworks;
			sourceTree = "<group>";
		};
		AD96AC98BD3E041A2CA7A417 /* Pods */ = {
			isa = PBXGroup;
			children = (
				A8152C911486D65C64FFDF99 /* Pods-UITableView.debug.xcconfig */,
				6A60368A1B830CCD5C1F3C61 /* Pods-UITableView.release.xcconfig */,
				3E28E8654EF449EE0BE0F765 /* Pods-UITableViewTests.debug.xcconfig */,
				7F43962343B4648C844AA183 /* Pods-UITableViewTests.release.xcconfig */,
				478F06739731FD4ADE6B1BDA /* Pods-UITableViewUITests.debug.xcconfig */,
				B403E160C49136213E523642 /* Pods-UITableViewUITests.release.xcconfig */,
			);
			name = Pods;
			sourceTree = "<group>";
		};
		F820295621D8B0E800259D7F = {
			isa = PBXGroup;
			children = (
				F820296121D8B0E800259D7F /* UITableView */,
				F820297621D8B0E900259D7F /* UITableViewTests */,
				F820298121D8B0EA00259D7F /* UITableViewUITests */,
				F820296021D8B0E800259D7F /* Products */,
				AD96AC98BD3E041A2CA7A417 /* Pods */,
				00AAAC1B6011C778F4E39F3B /* Frameworks */,
			);
			sourceTree = "<group>";
		};
		F820296021D8B0E800259D7F /* Products */ = {
			isa = PBXGroup;
			children = (
				F820295F21D8B0E800259D7F /* UITableView.app */,
				F820297321D8B0E900259D7F /* UITableViewTests.xctest */,
				F820297E21D8B0E900259D7F /* UITableViewUITests.xctest */,
			);
			name = Products;
			sourceTree = "<group>";
		};
		F820296121D8B0E800259D7F /* UITableView */ = {
			isa = PBXGroup;
			children = (
				F820296221D8B0E800259D7F /* AppDelegate.swift */,
				F820296421D8B0E800259D7F /* ViewController.swift */,
				F820296621D8B0E800259D7F /* Main.storyboard */,
				F820296921D8B0E900259D7F /* Assets.xcassets */,
				F820296B21D8B0E900259D7F /* LaunchScreen.storyboard */,
				F820296E21D8B0E900259D7F /* Info.plist */,
			);
			path = UITableView;
			sourceTree = "<group>";
		};
		F820297621D8B0E900259D7F /* UITableViewTests */ = {
			isa = PBXGroup;
			children = (
				F820297721D8B0E900259D7F /* UITableViewTests.swift */,
				F820297921D8B0E900259D7F /* Info.plist */,
			);
			path = UITableViewTests;
			sourceTree = "<group>";
		};
		F820298121D8B0EA00259D7F /* UITableViewUITests */ = {
			isa = PBXGroup;
			children = (
				F820298221D8B0EA00259D7F /* UITableViewUITests.swift */,
				F820298421D8B0EA00259D7F /* Info.plist */,
			);
			path = UITableViewUITests;
			sourceTree = "<group>";
		};
/* End PBXGroup section */

/* Begin PBXNativeTarget section */
		F820295E21D8B0E800259D7F /* UITableView */ = {
			isa = PBXNativeTarget;
			buildConfigurationList = F820298721D8B0EA00259D7F /* Build configuration list for PBXNativeTarget "UITableView" */;
			buildPhases = (
				D7EF8DB4A980E50F0ED9E9CE /* [CP] Check Pods Manifest.lock */,
				F820295B21D8B0E800259D7F /* Sources */,
				F820295C21D8B0E800259D7F /* Frameworks */,
				F820295D21D8B0E800259D7F /* Resources */,
				133B86ACB4F1AED382F2A2E4 /* [CP] Embed Pods Frameworks */,
			);
			buildRules = (
			);
			dependencies = (
			);
			name = UITableView;
			productName = UITableView;
			productReference = F820295F21D8B0E800259D7F /* UITableView.app */;
			productType = "com.apple.product-type.application";
		};
		F820297221D8B0E900259D7F /* UITableViewTests */ = {
			isa = PBXNativeTarget;
			buildConfigurationList = F820298A21D8B0EA00259D7F /* Build configuration list for PBXNativeTarget "UITableViewTests" */;
			buildPhases = (
				BC4028293F5A5471C2DDE7E0 /* [CP] Check Pods Manifest.lock */,
				F820296F21D8B0E900259D7F /* Sources */,
				F820297021D8B0E900259D7F /* Frameworks */,
				F820297121D8B0E900259D7F /* Resources */,
			);
			buildRules = (
			);
			dependencies = (
				F820297521D8B0E900259D7F /* PBXTargetDependency */,
			);
			name = UITableViewTests;
			productName = UITableViewTests;
			productReference = F820297321D8B0E900259D7F /* UITableViewTests.xctest */;
			productType = "com.apple.product-type.bundle.unit-test";
		};
		F820297D21D8B0E900259D7F /* UITableViewUITests */ = {
			isa = PBXNativeTarget;
			buildConfigurationList = F820298D21D8B0EA00259D7F /* Build configuration list for PBXNativeTarget "UITableViewUITests" */;
			buildPhases = (
				A043433F7DB31D978D47FA83 /* [CP] Check Pods Manifest.lock */,
				F820297A21D8B0E900259D7F /* Sources */,
				F820297B21D8B0E900259D7F /* Frameworks */,
				F820297C21D8B0E900259D7F /* Resources */,
			);
			buildRules = (
			);
			dependencies = (
				F820298021D8B0E900259D7F /* PBXTargetDependency */,
			);
			name = UITableViewUITests;
			productName = UITableViewUITests;
			productReference = F820297E21D8B0E900259D7F /* UITableViewUITests.xctest */;
			productType = "com.apple.product-type.bundle.ui-testing";
		};
/* End PBXNativeTarget section */

/* Begin PBXProject section */
		F820295721D8B0E800259D7F /* Project object */ = {
			isa = PBXProject;
			attributes = {
				LastSwiftUpdateCheck = 1010;
				LastUpgradeCheck = 1010;
				ORGANIZATIONNAME = "Wong Ka Lok";
				TargetAttributes = {
					F820295E21D8B0E800259D7F = {
						CreatedOnToolsVersion = 10.1;
					};
					F820297221D8B0E900259D7F = {
						CreatedOnToolsVersion = 10.1;
						TestTargetID = F820295E21D8B0E800259D7F;
					};
					F820297D21D8B0E900259D7F = {
						CreatedOnToolsVersion = 10.1;
						TestTargetID = F820295E21D8B0E800259D7F;
					};
				};
			};
			buildConfigurationList = F820295A21D8B0E800259D7F /* Build configuration list for PBXProject "UITableView" */;
			compatibilityVersion = "Xcode 9.3";
			developmentRegion = en;
			hasScannedForEncodings = 0;
			knownRegions = (
				en,
				Base,
			);
			mainGroup = F820295621D8B0E800259D7F;
			productRefGroup = F820296021D8B0E800259D7F /* Products */;
			projectDirPath = "";
			projectRoot = "";
			targets = (
				F820295E21D8B0E800259D7F /* UITableView */,
				F820297221D8B0E900259D7F /* UITableViewTests */,
				F820297D21D8B0E900259D7F /* UITableViewUITests */,
			);
		};
/* End PBXProject section */

/* Begin PBXResourcesBuildPhase section */
		F820295D21D8B0E800259D7F /* Resources */ = {
			isa = PBXResourcesBuildPhase;
			buildActionMask = 2147483647;
			files = (
				F820296D21D8B0E900259D7F /* LaunchScreen.storyboard in Resources */,
				F820296A21D8B0E900259D7F /* Assets.xcassets in Resources */,
				F820296821D8B0E800259D7F /* Main.storyboard in Resources */,
			);
			runOnlyForDeploymentPostprocessing = 0;
		};
		F820297121D8B0E900259D7F /* Resources */ = {
			isa = PBXResourcesBuildPhase;
			buildActionMask = 2147483647;
			files = (
			);
			runOnlyForDeploymentPostprocessing = 0;
		};
		F820297C21D8B0E900259D7F /* Resources */ = {
			isa = PBXResourcesBuildPhase;
			buildActionMask = 2147483647;
			files = (
			);
			runOnlyForDeploymentPostprocessing = 0;
		};
/* End PBXResourcesBuildPhase section */

/* Begin PBXShellScriptBuildPhase section */
		133B86ACB4F1AED382F2A2E4 /* [CP] Embed Pods Frameworks */ = {
			isa = PBXShellScriptBuildPhase;
			buildActionMask = 2147483647;
			files = (
			);
			inputFileListPaths = (
			);
			inputPaths = (
				"${SRCROOT}/Pods/Target Support Files/Pods-UITableView/Pods-UITableView-frameworks.sh",
				"${BUILT_PRODUCTS_DIR}/RxAtomic/RxAtomic.framework",
				"${BUILT_PRODUCTS_DIR}/RxCocoa/RxCocoa.framework",
				"${BUILT_PRODUCTS_DIR}/RxSwift/RxSwift.framework",
			);
			name = "[CP] Embed Pods Frameworks";
			outputFileListPaths = (
			);
			outputPaths = (
				"${TARGET_BUILD_DIR}/${FRAMEWORKS_FOLDER_PATH}/RxAtomic.framework",
				"${TARGET_BUILD_DIR}/${FRAMEWORKS_FOLDER_PATH}/RxCocoa.framework",
				"${TARGET_BUILD_DIR}/${FRAMEWORKS_FOLDER_PATH}/RxSwift.framework",
			);
			runOnlyForDeploymentPostprocessing = 0;
			shellPath = /bin/sh;
			shellScript = "\"${SRCROOT}/Pods/Target Support Files/Pods-UITableView/Pods-UITableView-frameworks.sh\"\n";
			showEnvVarsInLog = 0;
		};
		A043433F7DB31D978D47FA83 /* [CP] Check Pods Manifest.lock */ = {
			isa = PBXShellScriptBuildPhase;
			buildActionMask = 2147483647;
			files = (
			);
			inputFileListPaths = (
			);
			inputPaths = (
				"${PODS_PODFILE_DIR_PATH}/Podfile.lock",
				"${PODS_ROOT}/Manifest.lock",
			);
			name = "[CP] Check Pods Manifest.lock";
			outputFileListPaths = (
			);
			outputPaths = (
				"$(DERIVED_FILE_DIR)/Pods-UITableViewUITests-checkManifestLockResult.txt",
			);
			runOnlyForDeploymentPostprocessing = 0;
			shellPath = /bin/sh;
			shellScript = "diff \"${PODS_PODFILE_DIR_PATH}/Podfile.lock\" \"${PODS_ROOT}/Manifest.lock\" > /dev/null\nif [ $? != 0 ] ; then\n    # print error to STDERR\n    echo \"error: The sandbox is not in sync with the Podfile.lock. Run 'pod install' or update your CocoaPods installation.\" >&2\n    exit 1\nfi\n# This output is used by Xcode 'outputs' to avoid re-running this script phase.\necho \"SUCCESS\" > \"${SCRIPT_OUTPUT_FILE_0}\"\n";
			showEnvVarsInLog = 0;
		};
		BC4028293F5A5471C2DDE7E0 /* [CP] Check Pods Manifest.lock */ = {
			isa = PBXShellScriptBuildPhase;
			buildActionMask = 2147483647;
			files = (
			);
			inputFileListPaths = (
			);
			inputPaths = (
				"${PODS_PODFILE_DIR_PATH}/Podfile.lock",
				"${PODS_ROOT}/Manifest.lock",
			);
			name = "[CP] Check Pods Manifest.lock";
			outputFileListPaths = (
			);
			outputPaths = (
				"$(DERIVED_FILE_DIR)/Pods-UITableViewTests-checkManifestLockResult.txt",
			);
			runOnlyForDeploymentPostprocessing = 0;
			shellPath = /bin/sh;
			shellScript = "diff \"${PODS_PODFILE_DIR_PATH}/Podfile.lock\" \"${PODS_ROOT}/Manifest.lock\" > /dev/null\nif [ $? != 0 ] ; then\n    # print error to STDERR\n    echo \"error: The sandbox is not in sync with the Podfile.lock. Run 'pod install' or update your CocoaPods installation.\" >&2\n    exit 1\nfi\n# This output is used by Xcode 'outputs' to avoid re-running this script phase.\necho \"SUCCESS\" > \"${SCRIPT_OUTPUT_FILE_0}\"\n";
			showEnvVarsInLog = 0;
		};
		D7EF8DB4A980E50F0ED9E9CE /* [CP] Check Pods Manifest.lock */ = {
			isa = PBXShellScriptBuildPhase;
			buildActionMask = 2147483647;
			files = (
			);
			inputFileListPaths = (
			);
			inputPaths = (
				"${PODS_PODFILE_DIR_PATH}/Podfile.lock",
				"${PODS_ROOT}/Manifest.lock",
			);
			name = "[CP] Check Pods Manifest.lock";
			outputFileListPaths = (
			);
			outputPaths = (
				"$(DERIVED_FILE_DIR)/Pods-UITableView-checkManifestLockResult.txt",
			);
			runOnlyForDeploymentPostprocessing = 0;
			shellPath = /bin/sh;
			shellScript = "diff \"${PODS_PODFILE_DIR_PATH}/Podfile.lock\" \"${PODS_ROOT}/Manifest.lock\" > /dev/null\nif [ $? != 0 ] ; then\n    # print error to STDERR\n    echo \"error: The sandbox is not in sync with the Podfile.lock. Run 'pod install' or update your CocoaPods installation.\" >&2\n    exit 1\nfi\n# This output is used by Xcode 'outputs' to avoid re-running this script phase.\necho \"SUCCESS\" > \"${SCRIPT_OUTPUT_FILE_0}\"\n";
			showEnvVarsInLog = 0;
		};
/* End PBXShellScriptBuildPhase section */

/* Begin PBXSourcesBuildPhase section */
		F820295B21D8B0E800259D7F /* Sources */ = {
			isa = PBXSourcesBuildPhase;
			buildActionMask = 2147483647;
			files = (
				F820296521D8B0E800259D7F /* ViewController.swift in Sources */,
				F820296321D8B0E800259D7F /* AppDelegate.swift in Sources */,
			);
			runOnlyForDeploymentPostprocessing = 0;
		};
		F820296F21D8B0E900259D7F /* Sources */ = {
			isa = PBXSourcesBuildPhase;
			buildActionMask = 2147483647;
			files = (
				F820297821D8B0E900259D7F /* UITableViewTests.swift in Sources */,
			);
			runOnlyForDeploymentPostprocessing = 0;
		};
		F820297A21D8B0E900259D7F /* Sources */ = {
			isa = PBXSourcesBuildPhase;
			buildActionMask = 2147483647;
			files = (
				F820298321D8B0EA00259D7F /* UITableViewUITests.swift in Sources */,
			);
			runOnlyForDeploymentPostprocessing = 0;
		};
/* End PBXSourcesBuildPhase section */

/* Begin PBXTargetDependency section */
		F820297521D8B0E900259D7F /* PBXTargetDependency */ = {
			isa = PBXTargetDependency;
			target = F820295E21D8B0E800259D7F /* UITableView */;
			targetProxy = F820297421D8B0E900259D7F /* PBXContainerItemProxy */;
		};
		F820298021D8B0E900259D7F /* PBXTargetDependency */ = {
			isa = PBXTargetDependency;
			target = F820295E21D8B0E800259D7F /* UITableView */;
			targetProxy = F820297F21D8B0E900259D7F /* PBXContainerItemProxy */;
		};
/* End PBXTargetDependency section */

/* Begin PBXVariantGroup section */
		F820296621D8B0E800259D7F /* Main.storyboard */ = {
			isa = PBXVariantGroup;
			children = (
				F820296721D8B0E800259D7F /* Base */,
			);
			name = Main.storyboard;
			sourceTree = "<group>";
		};
		F820296B21D8B0E900259D7F /* LaunchScreen.storyboard */ = {
			isa = PBXVariantGroup;
			children = (
				F820296C21D8B0E900259D7F /* Base */,
			);
			name = LaunchScreen.storyboard;
			sourceTree = "<group>";
		};
/* End PBXVariantGroup section */

/* Begin XCBuildConfiguration section */
		F820298521D8B0EA00259D7F /* Debug */ = {
			isa = XCBuildConfiguration;
			buildSettings = {
				ALWAYS_SEARCH_USER_PATHS = NO;
				CLANG_ANALYZER_NONNULL = YES;
				CLANG_ANALYZER_NUMBER_OBJECT_CONVERSION = YES_AGGRESSIVE;
				CLANG_CXX_LANGUAGE_STANDARD = "gnu++14";
				CLANG_CXX_LIBRARY = "libc++";
				CLANG_ENABLE_MODULES = YES;
				CLANG_ENABLE_OBJC_ARC = YES;
				CLANG_ENABLE_OBJC_WEAK = YES;
				CLANG_WARN_BLOCK_CAPTURE_AUTORELEASING = YES;
				CLANG_WARN_BOOL_CONVERSION = YES;
				CLANG_WARN_COMMA = YES;
				CLANG_WARN_CONSTANT_CONVERSION = YES;
				CLANG_WARN_DEPRECATED_OBJC_IMPLEMENTATIONS = YES;
				CLANG_WARN_DIRECT_OBJC_ISA_USAGE = YES_ERROR;
				CLANG_WARN_DOCUMENTATION_COMMENTS = YES;
				CLANG_WARN_EMPTY_BODY = YES;
				CLANG_WARN_ENUM_CONVERSION = YES;
				CLANG_WARN_INFINITE_RECURSION = YES;
				CLANG_WARN_INT_CONVERSION = YES;
				CLANG_WARN_NON_LITERAL_NULL_CONVERSION = YES;
				CLANG_WARN_OBJC_IMPLICIT_RETAIN_SELF = YES;
				CLANG_WARN_OBJC_LITERAL_CONVERSION = YES;
				CLANG_WARN_OBJC_ROOT_CLASS = YES_ERROR;
				CLANG_WARN_RANGE_LOOP_ANALYSIS = YES;
				CLANG_WARN_STRICT_PROTOTYPES = YES;
				CLANG_WARN_SUSPICIOUS_MOVE = YES;
				CLANG_WARN_UNGUARDED_AVAILABILITY = YES_AGGRESSIVE;
				CLANG_WARN_UNREACHABLE_CODE = YES;
				CLANG_WARN__DUPLICATE_METHOD_MATCH = YES;
				CODE_SIGN_IDENTITY = "iPhone Developer";
				COPY_PHASE_STRIP = NO;
				DEBUG_INFORMATION_FORMAT = dwarf;
				ENABLE_STRICT_OBJC_MSGSEND = YES;
				ENABLE_TESTABILITY = YES;
				GCC_C_LANGUAGE_STANDARD = gnu11;
				GCC_DYNAMIC_NO_PIC = NO;
				GCC_NO_COMMON_BLOCKS = YES;
				GCC_OPTIMIZATION_LEVEL = 0;
				GCC_PREPROCESSOR_DEFINITIONS = (
					"DEBUG=1",
					"$(inherited)",
				);
				GCC_WARN_64_TO_32_BIT_CONVERSION = YES;
				GCC_WARN_ABOUT_RETURN_TYPE = YES_ERROR;
				GCC_WARN_UNDECLARED_SELECTOR = YES;
				GCC_WARN_UNINITIALIZED_AUTOS = YES_AGGRESSIVE;
				GCC_WARN_UNUSED_FUNCTION = YES;
				GCC_WARN_UNUSED_VARIABLE = YES;
				IPHONEOS_DEPLOYMENT_TARGET = 12.1;
				MTL_ENABLE_DEBUG_INFO = INCLUDE_SOURCE;
				MTL_FAST_MATH = YES;
				ONLY_ACTIVE_ARCH = YES;
				SDKROOT = iphoneos;
				SWIFT_ACTIVE_COMPILATION_CONDITIONS = DEBUG;
				SWIFT_OPTIMIZATION_LEVEL = "-Onone";
			};
			name = Debug;
		};
		F820298621D8B0EA00259D7F /* Release */ = {
			isa = XCBuildConfiguration;
			buildSettings = {
				ALWAYS_SEARCH_USER_PATHS = NO;
				CLANG_ANALYZER_NONNULL = YES;
				CLANG_ANALYZER_NUMBER_OBJECT_CONVERSION = YES_AGGRESSIVE;
				CLANG_CXX_LANGUAGE_STANDARD = "gnu++14";
				CLANG_CXX_LIBRARY = "libc++";
				CLANG_ENABLE_MODULES = YES;
				CLANG_ENABLE_OBJC_ARC = YES;
				CLANG_ENABLE_OBJC_WEAK = YES;
				CLANG_WARN_BLOCK_CAPTURE_AUTORELEASING = YES;
				CLANG_WARN_BOOL_CONVERSION = YES;
				CLANG_WARN_COMMA = YES;
				CLANG_WARN_CONSTANT_CONVERSION = YES;
				CLANG_WARN_DEPRECATED_OBJC_IMPLEMENTATIONS = YES;
				CLANG_WARN_DIRECT_OBJC_ISA_USAGE = YES_ERROR;
				CLANG_WARN_DOCUMENTATION_COMMENTS = YES;
				CLANG_WARN_EMPTY_BODY = YES;
				CLANG_WARN_ENUM_CONVERSION = YES;
				CLANG_WARN_INFINITE_RECURSION = YES;
				CLANG_WARN_INT_CONVERSION = YES;
				CLANG_WARN_NON_LITERAL_NULL_CONVERSION = YES;
				CLANG_WARN_OBJC_IMPLICIT_RETAIN_SELF = YES;
				CLANG_WARN_OBJC_LITERAL_CONVERSION = YES;
				CLANG_WARN_OBJC_ROOT_CLASS = YES_ERROR;
				CLANG_WARN_RANGE_LOOP_ANALYSIS = YES;
				CLANG_WARN_STRICT_PROTOTYPES = YES;
				CLANG_WARN_SUSPICIOUS_MOVE = YES;
				CLANG_WARN_UNGUARDED_AVAILABILITY = YES_AGGRESSIVE;
				CLANG_WARN_UNREACHABLE_CODE = YES;
				CLANG_WARN__DUPLICATE_METHOD_MATCH = YES;
				CODE_SIGN_IDENTITY = "iPhone Developer";
				COPY_PHASE_STRIP = NO;
				DEBUG_INFORMATION_FORMAT = "dwarf-with-dsym";
				ENABLE_NS_ASSERTIONS = NO;
				ENABLE_STRICT_OBJC_MSGSEND = YES;
				GCC_C_LANGUAGE_STANDARD = gnu11;
				GCC_NO_COMMON_BLOCKS = YES;
				GCC_WARN_64_TO_32_BIT_CONVERSION = YES;
				GCC_WARN_ABOUT_RETURN_TYPE = YES_ERROR;
				GCC_WARN_UNDECLARED_SELECTOR = YES;
				GCC_WARN_UNINITIALIZED_AUTOS = YES_AGGRESSIVE;
				GCC_WARN_UNUSED_FUNCTION = YES;
				GCC_WARN_UNUSED_VARIABLE = YES;
				IPHONEOS_DEPLOYMENT_TARGET = 12.1;
				MTL_ENABLE_DEBUG_INFO = NO;
				MTL_FAST_MATH = YES;
				SDKROOT = iphoneos;
				SWIFT_COMPILATION_MODE = wholemodule;
				SWIFT_OPTIMIZATION_LEVEL = "-O";
				VALIDATE_PRODUCT = YES;
			};
			name = Release;
		};
		F820298821D8B0EA00259D7F /* Debug */ = {
			isa = XCBuildConfiguration;
			baseConfigurationReference = A8152C911486D65C64FFDF99 /* Pods-UITableView.debug.xcconfig */;
			buildSettings = {
				ASSETCATALOG_COMPILER_APPICON_NAME = AppIcon;
				CODE_SIGN_STYLE = Automatic;
				DEVELOPMENT_TEAM = JAX62468N3;
				INFOPLIST_FILE = UITableView/Info.plist;
				LD_RUNPATH_SEARCH_PATHS = (
					"$(inherited)",
					"@executable_path/Frameworks",
				);
				PRODUCT_BUNDLE_IDENTIFIER = com.calvinwong.UITableView;
				PRODUCT_NAME = "$(TARGET_NAME)";
				SWIFT_VERSION = 4.2;
				TARGETED_DEVICE_FAMILY = 1;
			};
			name = Debug;
		};
		F820298921D8B0EA00259D7F /* Release */ = {
			isa = XCBuildConfiguration;
			baseConfigurationReference = 6A60368A1B830CCD5C1F3C61 /* Pods-UITableView.release.xcconfig */;
			buildSettings = {
				ASSETCATALOG_COMPILER_APPICON_NAME = AppIcon;
				CODE_SIGN_STYLE = Automatic;
				DEVELOPMENT_TEAM = JAX62468N3;
				INFOPLIST_FILE = UITableView/Info.plist;
				LD_RUNPATH_SEARCH_PATHS = (
					"$(inherited)",
					"@executable_path/Frameworks",
				);
				PRODUCT_BUNDLE_IDENTIFIER = com.calvinwong.UITableView;
				PRODUCT_NAME = "$(TARGET_NAME)";
				SWIFT_VERSION = 4.2;
				TARGETED_DEVICE_FAMILY = 1;
			};
			name = Release;
		};
		F820298B21D8B0EA00259D7F /* Debug */ = {
			isa = XCBuildConfiguration;
			baseConfigurationReference = 3E28E8654EF449EE0BE0F765 /* Pods-UITableViewTests.debug.xcconfig */;
			buildSettings = {
				ALWAYS_EMBED_SWIFT_STANDARD_LIBRARIES = YES;
				BUNDLE_LOADER = "$(TEST_HOST)";
				CODE_SIGN_STYLE = Automatic;
				DEVELOPMENT_TEAM = JAX62468N3;
				INFOPLIST_FILE = UITableViewTests/Info.plist;
				LD_RUNPATH_SEARCH_PATHS = (
					"$(inherited)",
					"@executable_path/Frameworks",
					"@loader_path/Frameworks",
				);
				PRODUCT_BUNDLE_IDENTIFIER = com.calvinwong.UITableViewTests;
				PRODUCT_NAME = "$(TARGET_NAME)";
				SWIFT_VERSION = 4.2;
				TARGETED_DEVICE_FAMILY = "1,2";
				TEST_HOST = "$(BUILT_PRODUCTS_DIR)/UITableView.app/UITableView";
			};
			name = Debug;
		};
		F820298C21D8B0EA00259D7F /* Release */ = {
			isa = XCBuildConfiguration;
			baseConfigurationReference = 7F43962343B4648C844AA183 /* Pods-UITableViewTests.release.xcconfig */;
			buildSettings = {
				ALWAYS_EMBED_SWIFT_STANDARD_LIBRARIES = YES;
				BUNDLE_LOADER = "$(TEST_HOST)";
				CODE_SIGN_STYLE = Automatic;
				DEVELOPMENT_TEAM = JAX62468N3;
				INFOPLIST_FILE = UITableViewTests/Info.plist;
				LD_RUNPATH_SEARCH_PATHS = (
					"$(inherited)",
					"@executable_path/Frameworks",
					"@loader_path/Frameworks",
				);
				PRODUCT_BUNDLE_IDENTIFIER = com.calvinwong.UITableViewTests;
				PRODUCT_NAME = "$(TARGET_NAME)";
				SWIFT_VERSION = 4.2;
				TARGETED_DEVICE_FAMILY = "1,2";
				TEST_HOST = "$(BUILT_PRODUCTS_DIR)/UITableView.app/UITableView";
			};
			name = Release;
		};
		F820298E21D8B0EA00259D7F /* Debug */ = {
			isa = XCBuildConfiguration;
			baseConfigurationReference = 478F06739731FD4ADE6B1BDA /* Pods-UITableViewUITests.debug.xcconfig */;
			buildSettings = {
				ALWAYS_EMBED_SWIFT_STANDARD_LIBRARIES = YES;
				CODE_SIGN_STYLE = Automatic;
				DEVELOPMENT_TEAM = JAX62468N3;
				INFOPLIST_FILE = UITableViewUITests/Info.plist;
				LD_RUNPATH_SEARCH_PATHS = (
					"$(inherited)",
					"@executable_path/Frameworks",
					"@loader_path/Frameworks",
				);
				PRODUCT_BUNDLE_IDENTIFIER = com.calvinwong.UITableViewUITests;
				PRODUCT_NAME = "$(TARGET_NAME)";
				SWIFT_VERSION = 4.2;
				TARGETED_DEVICE_FAMILY = "1,2";
				TEST_TARGET_NAME = UITableView;
			};
			name = Debug;
		};
		F820298F21D8B0EA00259D7F /* Release */ = {
			isa = XCBuildConfiguration;
			baseConfigurationReference = B403E160C49136213E523642 /* Pods-UITableViewUITests.release.xcconfig */;
			buildSettings = {
				ALWAYS_EMBED_SWIFT_STANDARD_LIBRARIES = YES;
				CODE_SIGN_STYLE = Automatic;
				DEVELOPMENT_TEAM = JAX62468N3;
				INFOPLIST_FILE = UITableViewUITests/Info.plist;
				LD_RUNPATH_SEARCH_PATHS = (
					"$(inherited)",
					"@executable_path/Frameworks",
					"@loader_path/Frameworks",
				);
				PRODUCT_BUNDLE_IDENTIFIER = com.calvinwong.UITableViewUITests;
				PRODUCT_NAME = "$(TARGET_NAME)";
				SWIFT_VERSION = 4.2;
				TARGETED_DEVICE_FAMILY = "1,2";
				TEST_TARGET_NAME = UITableView;
			};
			name = Release;
		};
/* End XCBuildConfiguration section */

/* Begin XCConfigurationList section */
		F820295A21D8B0E800259D7F /* Build configuration list for PBXProject "UITableView" */ = {
			isa = XCConfigurationList;
			buildConfigurations = (
				F820298521D8B0EA00259D7F /* Debug */,
				F820298621D8B0EA00259D7F /* Release */,
			);
			defaultConfigurationIsVisible = 0;
			defaultConfigurationName = Release;
		};
		F820298721D8B0EA00259D7F /* Build configuration list for PBXNativeTarget "UITableView" */ = {
			isa = XCConfigurationList;
			buildConfigurations = (
				F820298821D8B0EA00259D7F /* Debug */,
				F820298921D8B0EA00259D7F /* Release */,
			);
			defaultConfigurationIsVisible = 0;
			defaultConfigurationName = Release;
		};
		F820298A21D8B0EA00259D7F /* Build configuration list for PBXNativeTarget "UITableViewTests" */ = {
			isa = XCConfigurationList;
			buildConfigurations = (
				F820298B21D8B0EA00259D7F /* Debug */,
				F820298C21D8B0EA00259D7F /* Release */,
			);
			defaultConfigurationIsVisible = 0;
			defaultConfigurationName = Release;
		};
		F820298D21D8B0EA00259D7F /* Build configuration list for PBXNativeTarget "UITableViewUITests" */ = {
			isa = XCConfigurationList;
			buildConfigurations = (
				F820298E21D8B0EA00259D7F /* Debug */,
				F820298F21D8B0EA00259D7F /* Release */,
			);
			defaultConfigurationIsVisible = 0;
			defaultConfigurationName = Release;
		};
/* End XCConfigurationList section */
	};
	rootObject = F820295721D8B0E800259D7F /* Project object */;
}
